
Microsoft Visual Studio Solution File, Format Version 12.00
# Visual Studio Version 17
VisualStudioVersion = 17.8.34408.163
MinimumVisualStudioVersion = 10.0.40219.1
Project("{FAE04EC0-301F-11D3-BF4B-00C04F79EFBC}") = "WpfApp6voprosiki", "WpfApp6voprosiki\WpfApp6voprosiki.csproj", "{D068E646-75EE-4292-AB49-EF58626D5462}"
EndProject
Global
	GlobalSection(SolutionConfigurationPlatforms) = preSolution
		Debug|Any CPU = Debug|Any CPU
		Release|Any CPU = Release|Any CPU
	EndGlobalSection
	GlobalSection(ProjectConfigurationPlatforms) = postSolution
		{D068E646-75EE-4292-AB49-EF58626D5462}.Debug|Any CPU.ActiveCfg = Debug|Any CPU
		{D068E646-75EE-4292-AB49-EF58626D5462}.Debug|Any CPU.Build.0 = Debug|Any CPU
		{D068E646-75EE-4292-AB49-EF58626D5462}.Release|Any CPU.ActiveCfg = Release|Any CPU
		{D068E646-75EE-4292-AB49-EF58626D5462}.Release|Any CPU.Build.0 = Release|Any CPU
	EndGlobalSection
	GlobalSection(SolutionProperties) = preSolution
		HideSolutionNode = FALSE
	EndGlobalSection
	GlobalSection(ExtensibilityGlobals) = postSolution
		SolutionGuid = {CC2CBE09-79BE-448E-B256-D3CA8002BE31}
	EndGlobalSection
EndGlobal
